<Solution>
  <Folder Name="/src/">
    <Project Path="src/ScriptureSync.App/ScriptureSync.App.csproj" />
    <Project Path="src/ScriptureSync.Core/ScriptureSync.Core.csproj" />
    <Project Path="src/ScriptureSync.OpenLP/ScriptureSync.OpenLP.csproj" />
    <Project Path="src/ScriptureSync.PlanningCenter/ScriptureSync.PlanningCenter.csproj" />
  </Folder>
  <Folder Name="/tests/">
    <Project Path="tests/ScriptureSync.Tests/ScriptureSync.Tests.csproj" />
  </Folder>
  <Folder Name="/tools/">
    <Project Path="tools/ScriptureSync.ProPresenter.TemplateSpike/ScriptureSync.ProPresenter.TemplateSpike.csproj" />
    <Project Path="tools/ScriptureSync.ProPresenter.BibleSpike/ScriptureSync.ProPresenter.BibleSpike.csproj" />
    <Project Path="tools/ScriptureSync.ProPresenter.Spike/ScriptureSync.ProPresenter.Spike.csproj" />
  </Folder>
</Solution>
